
Microsoft Visual Studio Solution File, Format Version 12.00
# Visual Studio 2013
VisualStudioVersion = 12.0.40629.0
MinimumVisualStudioVersion = 10.0.40219.1
Project("{FAE04EC0-301F-11D3-BF4B-00C04F79EFBC}") = "Hola", "Hola\Hola.csproj", "{68ACFE89-74BA-45DF-A5AF-9B37C2263FB0}"
EndProject
Project("{FAE04EC0-301F-11D3-BF4B-00C04F79EFBC}") = "Hola2", "Hola2\Hola2.csproj", "{8D8EF21B-B964-4219-B5DC-C756F6FE1542}"
EndProject
Project("{FAE04EC0-301F-11D3-BF4B-00C04F79EFBC}") = "Ligotea", "Ligotea\Ligotea.csproj", "{8B6D3323-BE98-416C-A151-0222979BE1D0}"
EndProject
Project("{FAE04EC0-301F-11D3-BF4B-00C04F79EFBC}") = "BDLigotea", "BDLigotea\BDLigotea.csproj", "{AAD4A377-B8F4-4ED6-9753-C4DFB34CB381}"
EndProject
Project("{2150E333-8FDC-42A3-9474-1A3956D46DE8}") = ".nuget", ".nuget", "{A924ED0A-AEA7-4C84-B603-D8BF4CE4A885}"
	ProjectSection(SolutionItems) = preProject
		.nuget\NuGet.Config = .nuget\NuGet.Config
		.nuget\NuGet.exe = .nuget\NuGet.exe
		.nuget\NuGet.targets = .nuget\NuGet.targets
	EndProjectSection
EndProject
Global
	GlobalSection(SolutionConfigurationPlatforms) = preSolution
		Debug|Any CPU = Debug|Any CPU
		Release|Any CPU = Release|Any CPU
	EndGlobalSection
	GlobalSection(ProjectConfigurationPlatforms) = postSolution
		{68ACFE89-74BA-45DF-A5AF-9B37C2263FB0}.Debug|Any CPU.ActiveCfg = Debug|Any CPU
		{68ACFE89-74BA-45DF-A5AF-9B37C2263FB0}.Debug|Any CPU.Build.0 = Debug|Any CPU
		{68ACFE89-74BA-45DF-A5AF-9B37C2263FB0}.Release|Any CPU.ActiveCfg = Release|Any CPU
		{68ACFE89-74BA-45DF-A5AF-9B37C2263FB0}.Release|Any CPU.Build.0 = Release|Any CPU
		{8D8EF21B-B964-4219-B5DC-C756F6FE1542}.Debug|Any CPU.ActiveCfg = Debug|Any CPU
		{8D8EF21B-B964-4219-B5DC-C756F6FE1542}.Debug|Any CPU.Build.0 = Debug|Any CPU
		{8D8EF21B-B964-4219-B5DC-C756F6FE1542}.Release|Any CPU.ActiveCfg = Release|Any CPU
		{8D8EF21B-B964-4219-B5DC-C756F6FE1542}.Release|Any CPU.Build.0 = Release|Any CPU
		{8B6D3323-BE98-416C-A151-0222979BE1D0}.Debug|Any CPU.ActiveCfg = Debug|Any CPU
		{8B6D3323-BE98-416C-A151-0222979BE1D0}.Debug|Any CPU.Build.0 = Debug|Any CPU
		{8B6D3323-BE98-416C-A151-0222979BE1D0}.Release|Any CPU.ActiveCfg = Release|Any CPU
		{8B6D3323-BE98-416C-A151-0222979BE1D0}.Release|Any CPU.Build.0 = Release|Any CPU
		{AAD4A377-B8F4-4ED6-9753-C4DFB34CB381}.Debug|Any CPU.ActiveCfg = Debug|Any CPU
		{AAD4A377-B8F4-4ED6-9753-C4DFB34CB381}.Debug|Any CPU.Build.0 = Debug|Any CPU
		{AAD4A377-B8F4-4ED6-9753-C4DFB34CB381}.Release|Any CPU.ActiveCfg = Release|Any CPU
		{AAD4A377-B8F4-4ED6-9753-C4DFB34CB381}.Release|Any CPU.Build.0 = Release|Any CPU
	EndGlobalSection
	GlobalSection(SolutionProperties) = preSolution
		HideSolutionNode = FALSE
	EndGlobalSection
EndGlobal
